// !$*UTF8*$!
{
	archiveVersion = 1;
	classes = {
	};
	objectVersion = 55;
	objects = {

/* Begin PBXBuildFile section */
		DE7E47DE278B28EF00B1A91C /* main.swift in Sources */ = {isa = PBXBuildFile; fileRef = DE7E47DD278B28EF00B1A91C /* main.swift */; };
		DE7E47E5278B29D100B1A91C /* drawSquare.swift in Sources */ = {isa = PBXBuildFile; fileRef = DE7E47E4278B29D100B1A91C /* drawSquare.swift */; };
		DE7E47E7278B2A5400B1A91C /* makeCommonMultipleNumber.swift in Sources */ = {isa = PBXBuildFile; fileRef = DE7E47E6278B2A5400B1A91C /* makeCommonMultipleNumber.swift */; };
		DE7E47E9278B2AA800B1A91C /* sumMatrix.swift in Sources */ = {isa = PBXBuildFile; fileRef = DE7E47E8278B2AA800B1A91C /* sumMatrix.swift */; };
		DE7E47EB278B2AF200B1A91C /* hidePhoneNumber.swift in Sources */ = {isa = PBXBuildFile; fileRef = DE7E47EA278B2AF200B1A91C /* hidePhoneNumber.swift */; };
		DE7E47ED278B2B2200B1A91C /* HashadNumber.swift in Sources */ = {isa = PBXBuildFile; fileRef = DE7E47EC278B2B2200B1A91C /* HashadNumber.swift */; };
/* End PBXBuildFile section */

/* Begin PBXCopyFilesBuildPhase section */
		DE7E47D8278B28EF00B1A91C /* CopyFiles */ = {
			isa = PBXCopyFilesBuildPhase;
			buildActionMask = 2147483647;
			dstPath = /usr/share/man/man1/;
			dstSubfolderSpec = 0;
			files = (
			);
			runOnlyForDeploymentPostprocessing = 1;
		};
/* End PBXCopyFilesBuildPhase section */

/* Begin PBXFileReference section */
		DE7E47DA278B28EF00B1A91C /* Level1 */ = {isa = PBXFileReference; explicitFileType = "compiled.mach-o.executable"; includeInIndex = 0; path = Level1; sourceTree = BUILT_PRODUCTS_DIR; };
		DE7E47DD278B28EF00B1A91C /* main.swift */ = {isa = PBXFileReference; lastKnownFileType = sourcecode.swift; path = main.swift; sourceTree = "<group>"; };
		DE7E47E4278B29D100B1A91C /* drawSquare.swift */ = {isa = PBXFileReference; lastKnownFileType = sourcecode.swift; path = drawSquare.swift; sourceTree = "<group>"; };
		DE7E47E6278B2A5400B1A91C /* makeCommonMultipleNumber.swift */ = {isa = PBXFileReference; lastKnownFileType = sourcecode.swift; path = makeCommonMultipleNumber.swift; sourceTree = "<group>"; };
		DE7E47E8278B2AA800B1A91C /* sumMatrix.swift */ = {isa = PBXFileReference; lastKnownFileType = sourcecode.swift; path = sumMatrix.swift; sourceTree = "<group>"; };
		DE7E47EA278B2AF200B1A91C /* hidePhoneNumber.swift */ = {isa = PBXFileReference; lastKnownFileType = sourcecode.swift; path = hidePhoneNumber.swift; sourceTree = "<group>"; };
		DE7E47EC278B2B2200B1A91C /* HashadNumber.swift */ = {isa = PBXFileReference; lastKnownFileType = sourcecode.swift; path = HashadNumber.swift; sourceTree = "<group>"; };
/* End PBXFileReference section */

/* Begin PBXFrameworksBuildPhase section */
		DE7E47D7278B28EF00B1A91C /* Frameworks */ = {
			isa = PBXFrameworksBuildPhase;
			buildActionMask = 2147483647;
			files = (
			);
			runOnlyForDeploymentPostprocessing = 0;
		};
/* End PBXFrameworksBuildPhase section */

/* Begin PBXGroup section */
		DE7E47D1278B28EF00B1A91C = {
			isa = PBXGroup;
			children = (
				DE7E47DC278B28EF00B1A91C /* Level1 */,
				DE7E47DB278B28EF00B1A91C /* Products */,
			);
			sourceTree = "<group>";
		};
		DE7E47DB278B28EF00B1A91C /* Products */ = {
			isa = PBXGroup;
			children = (
				DE7E47DA278B28EF00B1A91C /* Level1 */,
			);
			name = Products;
			sourceTree = "<group>";
		};
		DE7E47DC278B28EF00B1A91C /* Level1 */ = {
			isa = PBXGroup;
			children = (
				DE7E47DD278B28EF00B1A91C /* main.swift */,
				DE7E47E4278B29D100B1A91C /* drawSquare.swift */,
				DE7E47E6278B2A5400B1A91C /* makeCommonMultipleNumber.swift */,
				DE7E47E8278B2AA800B1A91C /* sumMatrix.swift */,
				DE7E47EA278B2AF200B1A91C /* hidePhoneNumber.swift */,
				DE7E47EC278B2B2200B1A91C /* HashadNumber.swift */,
			);
			path = Level1;
			sourceTree = "<group>";
		};
/* End PBXGroup section */

/* Begin PBXNativeTarget section */
		DE7E47D9278B28EF00B1A91C /* Level1 */ = {
			isa = PBXNativeTarget;
			buildConfigurationList = DE7E47E1278B28EF00B1A91C /* Build configuration list for PBXNativeTarget "Level1" */;
			buildPhases = (
				DE7E47D6278B28EF00B1A91C /* Sources */,
				DE7E47D7278B28EF00B1A91C /* Frameworks */,
				DE7E47D8278B28EF00B1A91C /* CopyFiles */,
			);
			buildRules = (
			);
			dependencies = (
			);
			name = Level1;
			productName = Level1;
			productReference = DE7E47DA278B28EF00B1A91C /* Level1 */;
			productType = "com.apple.product-type.tool";
		};
/* End PBXNativeTarget section */

/* Begin PBXProject section */
		DE7E47D2278B28EF00B1A91C /* Project object */ = {
			isa = PBXProject;
			attributes = {
				BuildIndependentTargetsInParallel = 1;
				LastSwiftUpdateCheck = 1300;
				LastUpgradeCheck = 1300;
				TargetAttributes = {
					DE7E47D9278B28EF00B1A91C = {
						CreatedOnToolsVersion = 13.0;
					};
				};
			};
			buildConfigurationList = DE7E47D5278B28EF00B1A91C /* Build configuration list for PBXProject "Level1" */;
			compatibilityVersion = "Xcode 13.0";
			developmentRegion = en;
			hasScannedForEncodings = 0;
			knownRegions = (
				en,
				Base,
			);
			mainGroup = DE7E47D1278B28EF00B1A91C;
			productRefGroup = DE7E47DB278B28EF00B1A91C /* Products */;
			projectDirPath = "";
			projectRoot = "";
			targets = (
				DE7E47D9278B28EF00B1A91C /* Level1 */,
			);
		};
/* End PBXProject section */

/* Begin PBXSourcesBuildPhase section */
		DE7E47D6278B28EF00B1A91C /* Sources */ = {
			isa = PBXSourcesBuildPhase;
			buildActionMask = 2147483647;
			files = (
				DE7E47E9278B2AA800B1A91C /* sumMatrix.swift in Sources */,
				DE7E47ED278B2B2200B1A91C /* HashadNumber.swift in Sources */,
				DE7E47E7278B2A5400B1A91C /* makeCommonMultipleNumber.swift in Sources */,
				DE7E47EB278B2AF200B1A91C /* hidePhoneNumber.swift in Sources */,
				DE7E47E5278B29D100B1A91C /* drawSquare.swift in Sources */,
				DE7E47DE278B28EF00B1A91C /* main.swift in Sources */,
			);
			runOnlyForDeploymentPostprocessing = 0;
		};
/* End PBXSourcesBuildPhase section */

/* Begin XCBuildConfiguration section */
		DE7E47DF278B28EF00B1A91C /* Debug */ = {
			isa = XCBuildConfiguration;
			buildSettings = {
				ALWAYS_SEARCH_USER_PATHS = NO;
				CLANG_ANALYZER_NONNULL = YES;
				CLANG_ANALYZER_NUMBER_OBJECT_CONVERSION = YES_AGGRESSIVE;
				CLANG_CXX_LANGUAGE_STANDARD = "gnu++17";
				CLANG_CXX_LIBRARY = "libc++";
				CLANG_ENABLE_MODULES = YES;
				CLANG_ENABLE_OBJC_ARC = YES;
				CLANG_ENABLE_OBJC_WEAK = YES;
				CLANG_WARN_BLOCK_CAPTURE_AUTORELEASING = YES;
				CLANG_WARN_BOOL_CONVERSION = YES;
				CLANG_WARN_COMMA = YES;
				CLANG_WARN_CONSTANT_CONVERSION = YES;
				CLANG_WARN_DEPRECATED_OBJC_IMPLEMENTATIONS = YES;
				CLANG_WARN_DIRECT_OBJC_ISA_USAGE = YES_ERROR;
				CLANG_WARN_DOCUMENTATION_COMMENTS = YES;
				CLANG_WARN_EMPTY_BODY = YES;
				CLANG_WARN_ENUM_CONVERSION = YES;
				CLANG_WARN_INFINITE_RECURSION = YES;
				CLANG_WARN_INT_CONVERSION = YES;
				CLANG_WARN_NON_LITERAL_NULL_CONVERSION = YES;
				CLANG_WARN_OBJC_IMPLICIT_RETAIN_SELF = YES;
				CLANG_WARN_OBJC_LITERAL_CONVERSION = YES;
				CLANG_WARN_OBJC_ROOT_CLASS = YES_ERROR;
				CLANG_WARN_QUOTED_INCLUDE_IN_FRAMEWORK_HEADER = YES;
				CLANG_WARN_RANGE_LOOP_ANALYSIS = YES;
				CLANG_WARN_STRICT_PROTOTYPES = YES;
				CLANG_WARN_SUSPICIOUS_MOVE = YES;
				CLANG_WARN_UNGUARDED_AVAILABILITY = YES_AGGRESSIVE;
				CLANG_WARN_UNREACHABLE_CODE = YES;
				CLANG_WARN__DUPLICATE_METHOD_MATCH = YES;
				COPY_PHASE_STRIP = NO;
				DEBUG_INFORMATION_FORMAT = dwarf;
				ENABLE_STRICT_OBJC_MSGSEND = YES;
				ENABLE_TESTABILITY = YES;
				GCC_C_LANGUAGE_STANDARD = gnu11;
				GCC_DYNAMIC_NO_PIC = NO;
				GCC_NO_COMMON_BLOCKS = YES;
				GCC_OPTIMIZATION_LEVEL = 0;
				GCC_PREPROCESSOR_DEFINITIONS = (
					"DEBUG=1",
					"$(inherited)",
				);
				GCC_WARN_64_TO_32_BIT_CONVERSION = YES;
				GCC_WARN_ABOUT_RETURN_TYPE = YES_ERROR;
				GCC_WARN_UNDECLARED_SELECTOR = YES;
				GCC_WARN_UNINITIALIZED_AUTOS = YES_AGGRESSIVE;
				GCC_WARN_UNUSED_FUNCTION = YES;
				GCC_WARN_UNUSED_VARIABLE = YES;
				MACOSX_DEPLOYMENT_TARGET = 11.3;
				MTL_ENABLE_DEBUG_INFO = INCLUDE_SOURCE;
				MTL_FAST_MATH = YES;
				ONLY_ACTIVE_ARCH = YES;
				SDKROOT = macosx;
				SWIFT_ACTIVE_COMPILATION_CONDITIONS = DEBUG;
				SWIFT_OPTIMIZATION_LEVEL = "-Onone";
			};
			name = Debug;
		};
		DE7E47E0278B28EF00B1A91C /* Release */ = {
			isa = XCBuildConfiguration;
			buildSettings = {
				ALWAYS_SEARCH_USER_PATHS = NO;
				CLANG_ANALYZER_NONNULL = YES;
				CLANG_ANALYZER_NUMBER_OBJECT_CONVERSION = YES_AGGRESSIVE;
				CLANG_CXX_LANGUAGE_STANDARD = "gnu++17";
				CLANG_CXX_LIBRARY = "libc++";
				CLANG_ENABLE_MODULES = YES;
				CLANG_ENABLE_OBJC_ARC = YES;
				CLANG_ENABLE_OBJC_WEAK = YES;
				CLANG_WARN_BLOCK_CAPTURE_AUTORELEASING = YES;
				CLANG_WARN_BOOL_CONVERSION = YES;
				CLANG_WARN_COMMA = YES;
				CLANG_WARN_CONSTANT_CONVERSION = YES;
				CLANG_WARN_DEPRECATED_OBJC_IMPLEMENTATIONS = YES;
				CLANG_WARN_DIRECT_OBJC_ISA_USAGE = YES_ERROR;
				CLANG_WARN_DOCUMENTATION_COMMENTS = YES;
				CLANG_WARN_EMPTY_BODY = YES;
				CLANG_WARN_ENUM_CONVERSION = YES;
				CLANG_WARN_INFINITE_RECURSION = YES;
				CLANG_WARN_INT_CONVERSION = YES;
				CLANG_WARN_NON_LITERAL_NULL_CONVERSION = YES;
				CLANG_WARN_OBJC_IMPLICIT_RETAIN_SELF = YES;
				CLANG_WARN_OBJC_LITERAL_CONVERSION = YES;
				CLANG_WARN_OBJC_ROOT_CLASS = YES_ERROR;
				CLANG_WARN_QUOTED_INCLUDE_IN_FRAMEWORK_HEADER = YES;
				CLANG_WARN_RANGE_LOOP_ANALYSIS = YES;
				CLANG_WARN_STRICT_PROTOTYPES = YES;
				CLANG_WARN_SUSPICIOUS_MOVE = YES;
				CLANG_WARN_UNGUARDED_AVAILABILITY = YES_AGGRESSIVE;
				CLANG_WARN_UNREACHABLE_CODE = YES;
				CLANG_WARN__DUPLICATE_METHOD_MATCH = YES;
				COPY_PHASE_STRIP = NO;
				DEBUG_INFORMATION_FORMAT = "dwarf-with-dsym";
				ENABLE_NS_ASSERTIONS = NO;
				ENABLE_STRICT_OBJC_MSGSEND = YES;
				GCC_C_LANGUAGE_STANDARD = gnu11;
				GCC_NO_COMMON_BLOCKS = YES;
				GCC_WARN_64_TO_32_BIT_CONVERSION = YES;
				GCC_WARN_ABOUT_RETURN_TYPE = YES_ERROR;
				GCC_WARN_UNDECLARED_SELECTOR = YES;
				GCC_WARN_UNINITIALIZED_AUTOS = YES_AGGRESSIVE;
				GCC_WARN_UNUSED_FUNCTION = YES;
				GCC_WARN_UNUSED_VARIABLE = YES;
				MACOSX_DEPLOYMENT_TARGET = 11.3;
				MTL_ENABLE_DEBUG_INFO = NO;
				MTL_FAST_MATH = YES;
				SDKROOT = macosx;
				SWIFT_COMPILATION_MODE = wholemodule;
				SWIFT_OPTIMIZATION_LEVEL = "-O";
			};
			name = Release;
		};
		DE7E47E2278B28EF00B1A91C /* Debug */ = {
			isa = XCBuildConfiguration;
			buildSettings = {
				CODE_SIGN_STYLE = Automatic;
				PRODUCT_NAME = "$(TARGET_NAME)";
				SWIFT_VERSION = 5.0;
			};
			name = Debug;
		};
		DE7E47E3278B28EF00B1A91C /* Release */ = {
			isa = XCBuildConfiguration;
			buildSettings = {
				CODE_SIGN_STYLE = Automatic;
				PRODUCT_NAME = "$(TARGET_NAME)";
				SWIFT_VERSION = 5.0;
			};
			name = Release;
		};
/* End XCBuildConfiguration section */

/* Begin XCConfigurationList section */
		DE7E47D5278B28EF00B1A91C /* Build configuration list for PBXProject "Level1" */ = {
			isa = XCConfigurationList;
			buildConfigurations = (
				DE7E47DF278B28EF00B1A91C /* Debug */,
				DE7E47E0278B28EF00B1A91C /* Release */,
			);
			defaultConfigurationIsVisible = 0;
			defaultConfigurationName = Release;
		};
		DE7E47E1278B28EF00B1A91C /* Build configuration list for PBXNativeTarget "Level1" */ = {
			isa = XCConfigurationList;
			buildConfigurations = (
				DE7E47E2278B28EF00B1A91C /* Debug */,
				DE7E47E3278B28EF00B1A91C /* Release */,
			);
			defaultConfigurationIsVisible = 0;
			defaultConfigurationName = Release;
		};
/* End XCConfigurationList section */
	};
	rootObject = DE7E47D2278B28EF00B1A91C /* Project object */;
}
