// !$*UTF8*$!
{
	archiveVersion = 1;
	classes = {
	};
	objectVersion = 55;
	objects = {

/* Begin PBXBuildFile section */
		3691265A2785732C002304D4 /* main.swift in Sources */ = {isa = PBXBuildFile; fileRef = 369126592785732C002304D4 /* main.swift */; };
		369126632785791D002304D4 /* [애플사이다] 별찍기.swift in Sources */ = {isa = PBXBuildFile; fileRef = 369126622785791D002304D4 /* [애플사이다] 별찍기.swift */; };
		3691266527857987002304D4 /* [애플사이다] x만큼 간격이 있는 n개의 숫자.swift in Sources */ = {isa = PBXBuildFile; fileRef = 3691266427857987002304D4 /* [애플사이다] x만큼 간격이 있는 n개의 숫자.swift */; };
		36912669278579B8002304D4 /* [애플사이다] 핸드폰 번호 가리기.swift in Sources */ = {isa = PBXBuildFile; fileRef = 36912668278579B8002304D4 /* [애플사이다] 핸드폰 번호 가리기.swift */; };
		3691266B278579D7002304D4 /* [애플사이다] 하샤드의 수.swift in Sources */ = {isa = PBXBuildFile; fileRef = 3691266A278579D7002304D4 /* [애플사이다] 하샤드의 수.swift */; };
		36C0A076280E67330031C83C /* [애플사이다] 신고결과받기.swift in Sources */ = {isa = PBXBuildFile; fileRef = 36C0A075280E67330031C83C /* [애플사이다] 신고결과받기.swift */; };
		36C0BFE92810D7DE00B57492 /* [애플사이다] 숫자 문자열과 영단어.swift in Sources */ = {isa = PBXBuildFile; fileRef = 36C0BFE82810D7DE00B57492 /* [애플사이다] 숫자 문자열과 영단어.swift */; };
		36C0BFEC2810D81E00B57492 /* [애플사이다] 부족한 금액 계산하기.swift in Sources */ = {isa = PBXBuildFile; fileRef = 36C0BFEB2810D81E00B57492 /* [애플사이다] 부족한 금액 계산하기.swift */; };
		36C0BFEE2810E10400B57492 /* [애플사이다] 신규 아이디 추천.swift in Sources */ = {isa = PBXBuildFile; fileRef = 36C0BFED2810E10400B57492 /* [애플사이다] 신규 아이디 추천.swift */; };
		36C0C0982813E2D500B57492 /* [애플사이다] 키패드 누르기.swift in Sources */ = {isa = PBXBuildFile; fileRef = 36C0C0972813E2D500B57492 /* [애플사이다] 키패드 누르기.swift */; };
		36C0C09A2813E31F00B57492 /* [애플사이다] 다트게임.swift in Sources */ = {isa = PBXBuildFile; fileRef = 36C0C0992813E31F00B57492 /* [애플사이다] 다트게임.swift */; };
/* End PBXBuildFile section */

/* Begin PBXCopyFilesBuildPhase section */
		369126542785732C002304D4 /* CopyFiles */ = {
			isa = PBXCopyFilesBuildPhase;
			buildActionMask = 2147483647;
			dstPath = /usr/share/man/man1/;
			dstSubfolderSpec = 0;
			files = (
			);
			runOnlyForDeploymentPostprocessing = 1;
		};
/* End PBXCopyFilesBuildPhase section */

/* Begin PBXFileReference section */
		369126562785732C002304D4 /* Level1 */ = {isa = PBXFileReference; explicitFileType = "compiled.mach-o.executable"; includeInIndex = 0; path = Level1; sourceTree = BUILT_PRODUCTS_DIR; };
		369126592785732C002304D4 /* main.swift */ = {isa = PBXFileReference; lastKnownFileType = sourcecode.swift; path = main.swift; sourceTree = "<group>"; };
		369126622785791D002304D4 /* [애플사이다] 별찍기.swift */ = {isa = PBXFileReference; lastKnownFileType = sourcecode.swift; path = "[애플사이다] 별찍기.swift"; sourceTree = "<group>"; };
		3691266427857987002304D4 /* [애플사이다] x만큼 간격이 있는 n개의 숫자.swift */ = {isa = PBXFileReference; lastKnownFileType = sourcecode.swift; path = "[애플사이다] x만큼 간격이 있는 n개의 숫자.swift"; sourceTree = "<group>"; };
		36912668278579B8002304D4 /* [애플사이다] 핸드폰 번호 가리기.swift */ = {isa = PBXFileReference; lastKnownFileType = sourcecode.swift; path = "[애플사이다] 핸드폰 번호 가리기.swift"; sourceTree = "<group>"; };
		3691266A278579D7002304D4 /* [애플사이다] 하샤드의 수.swift */ = {isa = PBXFileReference; lastKnownFileType = sourcecode.swift; path = "[애플사이다] 하샤드의 수.swift"; sourceTree = "<group>"; };
		36C0A075280E67330031C83C /* [애플사이다] 신고결과받기.swift */ = {isa = PBXFileReference; lastKnownFileType = sourcecode.swift; path = "[애플사이다] 신고결과받기.swift"; sourceTree = "<group>"; };
		36C0BFE82810D7DE00B57492 /* [애플사이다] 숫자 문자열과 영단어.swift */ = {isa = PBXFileReference; lastKnownFileType = sourcecode.swift; path = "[애플사이다] 숫자 문자열과 영단어.swift"; sourceTree = "<group>"; };
		36C0BFEB2810D81E00B57492 /* [애플사이다] 부족한 금액 계산하기.swift */ = {isa = PBXFileReference; lastKnownFileType = sourcecode.swift; path = "[애플사이다] 부족한 금액 계산하기.swift"; sourceTree = "<group>"; };
		36C0BFED2810E10400B57492 /* [애플사이다] 신규 아이디 추천.swift */ = {isa = PBXFileReference; lastKnownFileType = sourcecode.swift; path = "[애플사이다] 신규 아이디 추천.swift"; sourceTree = "<group>"; };
		36C0C0972813E2D500B57492 /* [애플사이다] 키패드 누르기.swift */ = {isa = PBXFileReference; lastKnownFileType = sourcecode.swift; path = "[애플사이다] 키패드 누르기.swift"; sourceTree = "<group>"; };
		36C0C0992813E31F00B57492 /* [애플사이다] 다트게임.swift */ = {isa = PBXFileReference; lastKnownFileType = sourcecode.swift; path = "[애플사이다] 다트게임.swift"; sourceTree = "<group>"; };
/* End PBXFileReference section */

/* Begin PBXFrameworksBuildPhase section */
		369126532785732C002304D4 /* Frameworks */ = {
			isa = PBXFrameworksBuildPhase;
			buildActionMask = 2147483647;
			files = (
			);
			runOnlyForDeploymentPostprocessing = 0;
		};
/* End PBXFrameworksBuildPhase section */

/* Begin PBXGroup section */
		3691264D2785732C002304D4 = {
			isa = PBXGroup;
			children = (
				369126582785732C002304D4 /* Level1 */,
				369126572785732C002304D4 /* Products */,
			);
			sourceTree = "<group>";
		};
		369126572785732C002304D4 /* Products */ = {
			isa = PBXGroup;
			children = (
				369126562785732C002304D4 /* Level1 */,
			);
			name = Products;
			sourceTree = "<group>";
		};
		369126582785732C002304D4 /* Level1 */ = {
			isa = PBXGroup;
			children = (
				369126592785732C002304D4 /* main.swift */,
				369126622785791D002304D4 /* [애플사이다] 별찍기.swift */,
				3691266427857987002304D4 /* [애플사이다] x만큼 간격이 있는 n개의 숫자.swift */,
				36912668278579B8002304D4 /* [애플사이다] 핸드폰 번호 가리기.swift */,
				3691266A278579D7002304D4 /* [애플사이다] 하샤드의 수.swift */,
				36C0A075280E67330031C83C /* [애플사이다] 신고결과받기.swift */,
				36C0BFE82810D7DE00B57492 /* [애플사이다] 숫자 문자열과 영단어.swift */,
				36C0BFEB2810D81E00B57492 /* [애플사이다] 부족한 금액 계산하기.swift */,
				36C0BFED2810E10400B57492 /* [애플사이다] 신규 아이디 추천.swift */,
				36C0C0992813E31F00B57492 /* [애플사이다] 다트게임.swift */,
				36C0C0972813E2D500B57492 /* [애플사이다] 키패드 누르기.swift */,
			);
			path = Level1;
			sourceTree = "<group>";
		};
/* End PBXGroup section */

/* Begin PBXNativeTarget section */
		369126552785732C002304D4 /* Level1 */ = {
			isa = PBXNativeTarget;
			buildConfigurationList = 3691265D2785732C002304D4 /* Build configuration list for PBXNativeTarget "Level1" */;
			buildPhases = (
				369126522785732C002304D4 /* Sources */,
				369126532785732C002304D4 /* Frameworks */,
				369126542785732C002304D4 /* CopyFiles */,
			);
			buildRules = (
			);
			dependencies = (
			);
			name = Level1;
			productName = Level1;
			productReference = 369126562785732C002304D4 /* Level1 */;
			productType = "com.apple.product-type.tool";
		};
/* End PBXNativeTarget section */

/* Begin PBXProject section */
		3691264E2785732C002304D4 /* Project object */ = {
			isa = PBXProject;
			attributes = {
				BuildIndependentTargetsInParallel = 1;
				LastSwiftUpdateCheck = 1310;
				LastUpgradeCheck = 1310;
				TargetAttributes = {
					369126552785732C002304D4 = {
						CreatedOnToolsVersion = 13.1;
					};
				};
			};
			buildConfigurationList = 369126512785732C002304D4 /* Build configuration list for PBXProject "Level1" */;
			compatibilityVersion = "Xcode 13.0";
			developmentRegion = en;
			hasScannedForEncodings = 0;
			knownRegions = (
				en,
				Base,
			);
			mainGroup = 3691264D2785732C002304D4;
			productRefGroup = 369126572785732C002304D4 /* Products */;
			projectDirPath = "";
			projectRoot = "";
			targets = (
				369126552785732C002304D4 /* Level1 */,
			);
		};
/* End PBXProject section */

/* Begin PBXSourcesBuildPhase section */
		369126522785732C002304D4 /* Sources */ = {
			isa = PBXSourcesBuildPhase;
			buildActionMask = 2147483647;
			files = (
				36C0C0982813E2D500B57492 /* [애플사이다] 키패드 누르기.swift in Sources */,
				3691266527857987002304D4 /* [애플사이다] x만큼 간격이 있는 n개의 숫자.swift in Sources */,
				3691266B278579D7002304D4 /* [애플사이다] 하샤드의 수.swift in Sources */,
				36C0BFEC2810D81E00B57492 /* [애플사이다] 부족한 금액 계산하기.swift in Sources */,
				36C0BFEE2810E10400B57492 /* [애플사이다] 신규 아이디 추천.swift in Sources */,
				36C0C09A2813E31F00B57492 /* [애플사이다] 다트게임.swift in Sources */,
				36C0BFE92810D7DE00B57492 /* [애플사이다] 숫자 문자열과 영단어.swift in Sources */,
				3691265A2785732C002304D4 /* main.swift in Sources */,
				36C0A076280E67330031C83C /* [애플사이다] 신고결과받기.swift in Sources */,
				36912669278579B8002304D4 /* [애플사이다] 핸드폰 번호 가리기.swift in Sources */,
				369126632785791D002304D4 /* [애플사이다] 별찍기.swift in Sources */,
			);
			runOnlyForDeploymentPostprocessing = 0;
		};
/* End PBXSourcesBuildPhase section */

/* Begin XCBuildConfiguration section */
		3691265B2785732C002304D4 /* Debug */ = {
			isa = XCBuildConfiguration;
			buildSettings = {
				ALWAYS_SEARCH_USER_PATHS = NO;
				CLANG_ANALYZER_NONNULL = YES;
				CLANG_ANALYZER_NUMBER_OBJECT_CONVERSION = YES_AGGRESSIVE;
				CLANG_CXX_LANGUAGE_STANDARD = "gnu++17";
				CLANG_CXX_LIBRARY = "libc++";
				CLANG_ENABLE_MODULES = YES;
				CLANG_ENABLE_OBJC_ARC = YES;
				CLANG_ENABLE_OBJC_WEAK = YES;
				CLANG_WARN_BLOCK_CAPTURE_AUTORELEASING = YES;
				CLANG_WARN_BOOL_CONVERSION = YES;
				CLANG_WARN_COMMA = YES;
				CLANG_WARN_CONSTANT_CONVERSION = YES;
				CLANG_WARN_DEPRECATED_OBJC_IMPLEMENTATIONS = YES;
				CLANG_WARN_DIRECT_OBJC_ISA_USAGE = YES_ERROR;
				CLANG_WARN_DOCUMENTATION_COMMENTS = YES;
				CLANG_WARN_EMPTY_BODY = YES;
				CLANG_WARN_ENUM_CONVERSION = YES;
				CLANG_WARN_INFINITE_RECURSION = YES;
				CLANG_WARN_INT_CONVERSION = YES;
				CLANG_WARN_NON_LITERAL_NULL_CONVERSION = YES;
				CLANG_WARN_OBJC_IMPLICIT_RETAIN_SELF = YES;
				CLANG_WARN_OBJC_LITERAL_CONVERSION = YES;
				CLANG_WARN_OBJC_ROOT_CLASS = YES_ERROR;
				CLANG_WARN_QUOTED_INCLUDE_IN_FRAMEWORK_HEADER = YES;
				CLANG_WARN_RANGE_LOOP_ANALYSIS = YES;
				CLANG_WARN_STRICT_PROTOTYPES = YES;
				CLANG_WARN_SUSPICIOUS_MOVE = YES;
				CLANG_WARN_UNGUARDED_AVAILABILITY = YES_AGGRESSIVE;
				CLANG_WARN_UNREACHABLE_CODE = YES;
				CLANG_WARN__DUPLICATE_METHOD_MATCH = YES;
				COPY_PHASE_STRIP = NO;
				DEBUG_INFORMATION_FORMAT = dwarf;
				ENABLE_STRICT_OBJC_MSGSEND = YES;
				ENABLE_TESTABILITY = YES;
				GCC_C_LANGUAGE_STANDARD = gnu11;
				GCC_DYNAMIC_NO_PIC = NO;
				GCC_NO_COMMON_BLOCKS = YES;
				GCC_OPTIMIZATION_LEVEL = 0;
				GCC_PREPROCESSOR_DEFINITIONS = (
					"DEBUG=1",
					"$(inherited)",
				);
				GCC_WARN_64_TO_32_BIT_CONVERSION = YES;
				GCC_WARN_ABOUT_RETURN_TYPE = YES_ERROR;
				GCC_WARN_UNDECLARED_SELECTOR = YES;
				GCC_WARN_UNINITIALIZED_AUTOS = YES_AGGRESSIVE;
				GCC_WARN_UNUSED_FUNCTION = YES;
				GCC_WARN_UNUSED_VARIABLE = YES;
				MACOSX_DEPLOYMENT_TARGET = 12.0;
				MTL_ENABLE_DEBUG_INFO = INCLUDE_SOURCE;
				MTL_FAST_MATH = YES;
				ONLY_ACTIVE_ARCH = YES;
				SDKROOT = macosx;
				SWIFT_ACTIVE_COMPILATION_CONDITIONS = DEBUG;
				SWIFT_OPTIMIZATION_LEVEL = "-Onone";
			};
			name = Debug;
		};
		3691265C2785732C002304D4 /* Release */ = {
			isa = XCBuildConfiguration;
			buildSettings = {
				ALWAYS_SEARCH_USER_PATHS = NO;
				CLANG_ANALYZER_NONNULL = YES;
				CLANG_ANALYZER_NUMBER_OBJECT_CONVERSION = YES_AGGRESSIVE;
				CLANG_CXX_LANGUAGE_STANDARD = "gnu++17";
				CLANG_CXX_LIBRARY = "libc++";
				CLANG_ENABLE_MODULES = YES;
				CLANG_ENABLE_OBJC_ARC = YES;
				CLANG_ENABLE_OBJC_WEAK = YES;
				CLANG_WARN_BLOCK_CAPTURE_AUTORELEASING = YES;
				CLANG_WARN_BOOL_CONVERSION = YES;
				CLANG_WARN_COMMA = YES;
				CLANG_WARN_CONSTANT_CONVERSION = YES;
				CLANG_WARN_DEPRECATED_OBJC_IMPLEMENTATIONS = YES;
				CLANG_WARN_DIRECT_OBJC_ISA_USAGE = YES_ERROR;
				CLANG_WARN_DOCUMENTATION_COMMENTS = YES;
				CLANG_WARN_EMPTY_BODY = YES;
				CLANG_WARN_ENUM_CONVERSION = YES;
				CLANG_WARN_INFINITE_RECURSION = YES;
				CLANG_WARN_INT_CONVERSION = YES;
				CLANG_WARN_NON_LITERAL_NULL_CONVERSION = YES;
				CLANG_WARN_OBJC_IMPLICIT_RETAIN_SELF = YES;
				CLANG_WARN_OBJC_LITERAL_CONVERSION = YES;
				CLANG_WARN_OBJC_ROOT_CLASS = YES_ERROR;
				CLANG_WARN_QUOTED_INCLUDE_IN_FRAMEWORK_HEADER = YES;
				CLANG_WARN_RANGE_LOOP_ANALYSIS = YES;
				CLANG_WARN_STRICT_PROTOTYPES = YES;
				CLANG_WARN_SUSPICIOUS_MOVE = YES;
				CLANG_WARN_UNGUARDED_AVAILABILITY = YES_AGGRESSIVE;
				CLANG_WARN_UNREACHABLE_CODE = YES;
				CLANG_WARN__DUPLICATE_METHOD_MATCH = YES;
				COPY_PHASE_STRIP = NO;
				DEBUG_INFORMATION_FORMAT = "dwarf-with-dsym";
				ENABLE_NS_ASSERTIONS = NO;
				ENABLE_STRICT_OBJC_MSGSEND = YES;
				GCC_C_LANGUAGE_STANDARD = gnu11;
				GCC_NO_COMMON_BLOCKS = YES;
				GCC_WARN_64_TO_32_BIT_CONVERSION = YES;
				GCC_WARN_ABOUT_RETURN_TYPE = YES_ERROR;
				GCC_WARN_UNDECLARED_SELECTOR = YES;
				GCC_WARN_UNINITIALIZED_AUTOS = YES_AGGRESSIVE;
				GCC_WARN_UNUSED_FUNCTION = YES;
				GCC_WARN_UNUSED_VARIABLE = YES;
				MACOSX_DEPLOYMENT_TARGET = 12.0;
				MTL_ENABLE_DEBUG_INFO = NO;
				MTL_FAST_MATH = YES;
				SDKROOT = macosx;
				SWIFT_COMPILATION_MODE = wholemodule;
				SWIFT_OPTIMIZATION_LEVEL = "-O";
			};
			name = Release;
		};
		3691265E2785732C002304D4 /* Debug */ = {
			isa = XCBuildConfiguration;
			buildSettings = {
				CODE_SIGN_STYLE = Automatic;
				PRODUCT_NAME = "$(TARGET_NAME)";
				SWIFT_VERSION = 5.0;
			};
			name = Debug;
		};
		3691265F2785732C002304D4 /* Release */ = {
			isa = XCBuildConfiguration;
			buildSettings = {
				CODE_SIGN_STYLE = Automatic;
				PRODUCT_NAME = "$(TARGET_NAME)";
				SWIFT_VERSION = 5.0;
			};
			name = Release;
		};
/* End XCBuildConfiguration section */

/* Begin XCConfigurationList section */
		369126512785732C002304D4 /* Build configuration list for PBXProject "Level1" */ = {
			isa = XCConfigurationList;
			buildConfigurations = (
				3691265B2785732C002304D4 /* Debug */,
				3691265C2785732C002304D4 /* Release */,
			);
			defaultConfigurationIsVisible = 0;
			defaultConfigurationName = Release;
		};
		3691265D2785732C002304D4 /* Build configuration list for PBXNativeTarget "Level1" */ = {
			isa = XCConfigurationList;
			buildConfigurations = (
				3691265E2785732C002304D4 /* Debug */,
				3691265F2785732C002304D4 /* Release */,
			);
			defaultConfigurationIsVisible = 0;
			defaultConfigurationName = Release;
		};
/* End XCConfigurationList section */
	};
	rootObject = 3691264E2785732C002304D4 /* Project object */;
}
