// !$*UTF8*$!
{
	archiveVersion = 1;
	classes = {
	};
	objectVersion = 55;
	objects = {

/* Begin PBXBuildFile section */
		361A66C0279561CE00A633B5 /* [애플사이다] Maximum Number of Words Found in Sentences.swift in Sources */ = {isa = PBXBuildFile; fileRef = 361A66BF279561CE00A633B5 /* [애플사이다] Maximum Number of Words Found in Sentences.swift */; };
		361A66C2279561EE00A633B5 /* [애플사이다] Running Sum of 1d Array.swift in Sources */ = {isa = PBXBuildFile; fileRef = 361A66C1279561EE00A633B5 /* [애플사이다] Running Sum of 1d Array.swift */; };
		361A66C42795708800A633B5 /* [애플사이다] Convert Binary Number in a Linked List to Integer.swift in Sources */ = {isa = PBXBuildFile; fileRef = 361A66C32795708800A633B5 /* [애플사이다] Convert Binary Number in a Linked List to Integer.swift */; };
		361A66C6279570B700A633B5 /* [애플사이다] Middle of the Linked List.swift in Sources */ = {isa = PBXBuildFile; fileRef = 361A66C5279570B700A633B5 /* [애플사이다] Middle of the Linked List.swift */; };
		361A66C82795713B00A633B5 /* [애플사이다] Delete Node in a Linked List.swift in Sources */ = {isa = PBXBuildFile; fileRef = 361A66C72795713B00A633B5 /* [애플사이다] Delete Node in a Linked List.swift */; };
		361A66CA2795715200A633B5 /* [애플사이다] Reverse Linked List.swift in Sources */ = {isa = PBXBuildFile; fileRef = 361A66C92795715200A633B5 /* [애플사이다] Reverse Linked List.swift */; };
		3637AE15278D0524009003B7 /* [애플사이다] Build Array from Permutation.swift in Sources */ = {isa = PBXBuildFile; fileRef = 3637AE14278D0524009003B7 /* [애플사이다] Build Array from Permutation.swift */; };
		3637AE17278D054B009003B7 /* [애플사이다] Concatenation of Array.swift in Sources */ = {isa = PBXBuildFile; fileRef = 3637AE16278D054B009003B7 /* [애플사이다] Concatenation of Array.swift */; };
		3637AE19278D07E1009003B7 /* [애플사이다] Final Value of Variable After Performing Operations.swift in Sources */ = {isa = PBXBuildFile; fileRef = 3637AE18278D07E1009003B7 /* [애플사이다] Final Value of Variable After Performing Operations.swift */; };
		36D2140527AAB222003C6A77 /* [애플사이다] Number of Recent Calls.swift in Sources */ = {isa = PBXBuildFile; fileRef = 36D2140427AAB222003C6A77 /* [애플사이다] Number of Recent Calls.swift */; };
		36D2140927AAB2EE003C6A77 /* [애플사이다] Remove All Adjacent Duplicates In String.swift in Sources */ = {isa = PBXBuildFile; fileRef = 36D2140827AAB2EE003C6A77 /* [애플사이다] Remove All Adjacent Duplicates In String.swift */; };
		36D2140B27AAB2FF003C6A77 /* [애플사이다] Build an Array With Stack Operations.swift in Sources */ = {isa = PBXBuildFile; fileRef = 36D2140A27AAB2FF003C6A77 /* [애플사이다] Build an Array With Stack Operations.swift */; };
		36D2140D27AADDE8003C6A77 /* [애플사이다] Number of Students Unable to Eat Lunch.swift in Sources */ = {isa = PBXBuildFile; fileRef = 36D2140C27AADDE8003C6A77 /* [애플사이다] Number of Students Unable to Eat Lunch.swift */; };
		36D2140F27AADF4D003C6A77 /* [애플사이다] Time Needed to Buy Tickets.swift in Sources */ = {isa = PBXBuildFile; fileRef = 36D2140E27AADF4D003C6A77 /* [애플사이다] Time Needed to Buy Tickets.swift */; };
		36D2141127ABC4D3003C6A77 /* [애플사이다] Implement Queue using Stacks.swift in Sources */ = {isa = PBXBuildFile; fileRef = 36D2141027ABC4D3003C6A77 /* [애플사이다] Implement Queue using Stacks.swift */; };
		36D2141327ABC93E003C6A77 /* [애플사이다] First Unique Character in a String.swift in Sources */ = {isa = PBXBuildFile; fileRef = 36D2141227ABC93E003C6A77 /* [애플사이다] First Unique Character in a String.swift */; };
		36D617B927979E5100F7A9AB /* [애플사이다] Maximum Nesting Depth of the Parentheses.swift in Sources */ = {isa = PBXBuildFile; fileRef = 36D617B827979E5100F7A9AB /* [애플사이다] Maximum Nesting Depth of the Parentheses.swift */; };
		36D617BB2797C22B00F7A9AB /* [애플사이다] Remove Outermost Parentheses.swift in Sources */ = {isa = PBXBuildFile; fileRef = 36D617BA2797C22B00F7A9AB /* [애플사이다] Remove Outermost Parentheses.swift */; };
		36D617BD2797C24C00F7A9AB /* [애플사이다] Final Prices With a Special Discount in a Shop.swift in Sources */ = {isa = PBXBuildFile; fileRef = 36D617BC2797C24C00F7A9AB /* [애플사이다] Final Prices With a Special Discount in a Shop.swift */; };
/* End PBXBuildFile section */

/* Begin PBXCopyFilesBuildPhase section */
		3637AE08278D0515009003B7 /* CopyFiles */ = {
			isa = PBXCopyFilesBuildPhase;
			buildActionMask = 2147483647;
			dstPath = /usr/share/man/man1/;
			dstSubfolderSpec = 0;
			files = (
			);
			runOnlyForDeploymentPostprocessing = 1;
		};
/* End PBXCopyFilesBuildPhase section */

/* Begin PBXFileReference section */
		361A66BF279561CE00A633B5 /* [애플사이다] Maximum Number of Words Found in Sentences.swift */ = {isa = PBXFileReference; lastKnownFileType = sourcecode.swift; path = "[애플사이다] Maximum Number of Words Found in Sentences.swift"; sourceTree = "<group>"; };
		361A66C1279561EE00A633B5 /* [애플사이다] Running Sum of 1d Array.swift */ = {isa = PBXFileReference; lastKnownFileType = sourcecode.swift; path = "[애플사이다] Running Sum of 1d Array.swift"; sourceTree = "<group>"; };
		361A66C32795708800A633B5 /* [애플사이다] Convert Binary Number in a Linked List to Integer.swift */ = {isa = PBXFileReference; lastKnownFileType = sourcecode.swift; path = "[애플사이다] Convert Binary Number in a Linked List to Integer.swift"; sourceTree = "<group>"; };
		361A66C5279570B700A633B5 /* [애플사이다] Middle of the Linked List.swift */ = {isa = PBXFileReference; lastKnownFileType = sourcecode.swift; path = "[애플사이다] Middle of the Linked List.swift"; sourceTree = "<group>"; };
		361A66C72795713B00A633B5 /* [애플사이다] Delete Node in a Linked List.swift */ = {isa = PBXFileReference; lastKnownFileType = sourcecode.swift; path = "[애플사이다] Delete Node in a Linked List.swift"; sourceTree = "<group>"; };
		361A66C92795715200A633B5 /* [애플사이다] Reverse Linked List.swift */ = {isa = PBXFileReference; lastKnownFileType = sourcecode.swift; path = "[애플사이다] Reverse Linked List.swift"; sourceTree = "<group>"; };
		3637AE0A278D0515009003B7 /* LeetCode */ = {isa = PBXFileReference; explicitFileType = "compiled.mach-o.executable"; includeInIndex = 0; path = LeetCode; sourceTree = BUILT_PRODUCTS_DIR; };
		3637AE14278D0524009003B7 /* [애플사이다] Build Array from Permutation.swift */ = {isa = PBXFileReference; fileEncoding = 4; lastKnownFileType = sourcecode.swift; path = "[애플사이다] Build Array from Permutation.swift"; sourceTree = "<group>"; };
		3637AE16278D054B009003B7 /* [애플사이다] Concatenation of Array.swift */ = {isa = PBXFileReference; lastKnownFileType = sourcecode.swift; path = "[애플사이다] Concatenation of Array.swift"; sourceTree = "<group>"; };
		3637AE18278D07E1009003B7 /* [애플사이다] Final Value of Variable After Performing Operations.swift */ = {isa = PBXFileReference; lastKnownFileType = sourcecode.swift; path = "[애플사이다] Final Value of Variable After Performing Operations.swift"; sourceTree = "<group>"; };
		36D2140427AAB222003C6A77 /* [애플사이다] Number of Recent Calls.swift */ = {isa = PBXFileReference; lastKnownFileType = sourcecode.swift; path = "[애플사이다] Number of Recent Calls.swift"; sourceTree = "<group>"; };
		36D2140827AAB2EE003C6A77 /* [애플사이다] Remove All Adjacent Duplicates In String.swift */ = {isa = PBXFileReference; lastKnownFileType = sourcecode.swift; path = "[애플사이다] Remove All Adjacent Duplicates In String.swift"; sourceTree = "<group>"; };
		36D2140A27AAB2FF003C6A77 /* [애플사이다] Build an Array With Stack Operations.swift */ = {isa = PBXFileReference; lastKnownFileType = sourcecode.swift; path = "[애플사이다] Build an Array With Stack Operations.swift"; sourceTree = "<group>"; };
		36D2140C27AADDE8003C6A77 /* [애플사이다] Number of Students Unable to Eat Lunch.swift */ = {isa = PBXFileReference; lastKnownFileType = sourcecode.swift; path = "[애플사이다] Number of Students Unable to Eat Lunch.swift"; sourceTree = "<group>"; };
		36D2140E27AADF4D003C6A77 /* [애플사이다] Time Needed to Buy Tickets.swift */ = {isa = PBXFileReference; lastKnownFileType = sourcecode.swift; path = "[애플사이다] Time Needed to Buy Tickets.swift"; sourceTree = "<group>"; };
		36D2141027ABC4D3003C6A77 /* [애플사이다] Implement Queue using Stacks.swift */ = {isa = PBXFileReference; lastKnownFileType = sourcecode.swift; path = "[애플사이다] Implement Queue using Stacks.swift"; sourceTree = "<group>"; };
		36D2141227ABC93E003C6A77 /* [애플사이다] First Unique Character in a String.swift */ = {isa = PBXFileReference; lastKnownFileType = sourcecode.swift; path = "[애플사이다] First Unique Character in a String.swift"; sourceTree = "<group>"; };
		36D617B827979E5100F7A9AB /* [애플사이다] Maximum Nesting Depth of the Parentheses.swift */ = {isa = PBXFileReference; lastKnownFileType = sourcecode.swift; path = "[애플사이다] Maximum Nesting Depth of the Parentheses.swift"; sourceTree = "<group>"; };
		36D617BA2797C22B00F7A9AB /* [애플사이다] Remove Outermost Parentheses.swift */ = {isa = PBXFileReference; lastKnownFileType = sourcecode.swift; path = "[애플사이다] Remove Outermost Parentheses.swift"; sourceTree = "<group>"; };
		36D617BC2797C24C00F7A9AB /* [애플사이다] Final Prices With a Special Discount in a Shop.swift */ = {isa = PBXFileReference; lastKnownFileType = sourcecode.swift; path = "[애플사이다] Final Prices With a Special Discount in a Shop.swift"; sourceTree = "<group>"; };
/* End PBXFileReference section */

/* Begin PBXFrameworksBuildPhase section */
		3637AE07278D0515009003B7 /* Frameworks */ = {
			isa = PBXFrameworksBuildPhase;
			buildActionMask = 2147483647;
			files = (
			);
			runOnlyForDeploymentPostprocessing = 0;
		};
/* End PBXFrameworksBuildPhase section */

/* Begin PBXGroup section */
		3637AE01278D0515009003B7 = {
			isa = PBXGroup;
			children = (
				36D2140327AAB208003C6A77 /* Queue */,
				36D2140727AAB2A7003C6A77 /* Stack */,
				36D2140627AAB265003C6A77 /* LinkedList */,
				3637AE0C278D0515009003B7 /* Array */,
				3637AE0B278D0515009003B7 /* Products */,
			);
			sourceTree = "<group>";
		};
		3637AE0B278D0515009003B7 /* Products */ = {
			isa = PBXGroup;
			children = (
				3637AE0A278D0515009003B7 /* LeetCode */,
			);
			name = Products;
			sourceTree = "<group>";
		};
		3637AE0C278D0515009003B7 /* Array */ = {
			isa = PBXGroup;
			children = (
				3637AE14278D0524009003B7 /* [애플사이다] Build Array from Permutation.swift */,
				3637AE16278D054B009003B7 /* [애플사이다] Concatenation of Array.swift */,
				3637AE18278D07E1009003B7 /* [애플사이다] Final Value of Variable After Performing Operations.swift */,
				361A66BF279561CE00A633B5 /* [애플사이다] Maximum Number of Words Found in Sentences.swift */,
				361A66C1279561EE00A633B5 /* [애플사이다] Running Sum of 1d Array.swift */,
			);
			path = Array;
			sourceTree = "<group>";
		};
		36D2140327AAB208003C6A77 /* Queue */ = {
			isa = PBXGroup;
			children = (
				36D2140427AAB222003C6A77 /* [애플사이다] Number of Recent Calls.swift */,
				36D2140C27AADDE8003C6A77 /* [애플사이다] Number of Students Unable to Eat Lunch.swift */,
				36D2140E27AADF4D003C6A77 /* [애플사이다] Time Needed to Buy Tickets.swift */,
				36D2141027ABC4D3003C6A77 /* [애플사이다] Implement Queue using Stacks.swift */,
				36D2141227ABC93E003C6A77 /* [애플사이다] First Unique Character in a String.swift */,
			);
			path = Queue;
			sourceTree = "<group>";
		};
		36D2140627AAB265003C6A77 /* LinkedList */ = {
			isa = PBXGroup;
			children = (
				361A66C32795708800A633B5 /* [애플사이다] Convert Binary Number in a Linked List to Integer.swift */,
				361A66C5279570B700A633B5 /* [애플사이다] Middle of the Linked List.swift */,
				361A66C72795713B00A633B5 /* [애플사이다] Delete Node in a Linked List.swift */,
				361A66C92795715200A633B5 /* [애플사이다] Reverse Linked List.swift */,
			);
			path = LinkedList;
			sourceTree = "<group>";
		};
		36D2140727AAB2A7003C6A77 /* Stack */ = {
			isa = PBXGroup;
			children = (
				36D617B827979E5100F7A9AB /* [애플사이다] Maximum Nesting Depth of the Parentheses.swift */,
				36D617BA2797C22B00F7A9AB /* [애플사이다] Remove Outermost Parentheses.swift */,
				36D617BC2797C24C00F7A9AB /* [애플사이다] Final Prices With a Special Discount in a Shop.swift */,
				36D2140827AAB2EE003C6A77 /* [애플사이다] Remove All Adjacent Duplicates In String.swift */,
				36D2140A27AAB2FF003C6A77 /* [애플사이다] Build an Array With Stack Operations.swift */,
			);
			path = Stack;
			sourceTree = "<group>";
		};
/* End PBXGroup section */

/* Begin PBXNativeTarget section */
		3637AE09278D0515009003B7 /* LeetCode */ = {
			isa = PBXNativeTarget;
			buildConfigurationList = 3637AE11278D0515009003B7 /* Build configuration list for PBXNativeTarget "LeetCode" */;
			buildPhases = (
				3637AE06278D0515009003B7 /* Sources */,
				3637AE07278D0515009003B7 /* Frameworks */,
				3637AE08278D0515009003B7 /* CopyFiles */,
			);
			buildRules = (
			);
			dependencies = (
			);
			name = LeetCode;
			productName = LeetCode;
			productReference = 3637AE0A278D0515009003B7 /* LeetCode */;
			productType = "com.apple.product-type.tool";
		};
/* End PBXNativeTarget section */

/* Begin PBXProject section */
		3637AE02278D0515009003B7 /* Project object */ = {
			isa = PBXProject;
			attributes = {
				BuildIndependentTargetsInParallel = 1;
				LastSwiftUpdateCheck = 1310;
				LastUpgradeCheck = 1310;
				TargetAttributes = {
					3637AE09278D0515009003B7 = {
						CreatedOnToolsVersion = 13.1;
					};
				};
			};
			buildConfigurationList = 3637AE05278D0515009003B7 /* Build configuration list for PBXProject "LeetCode_Level1" */;
			compatibilityVersion = "Xcode 13.0";
			developmentRegion = en;
			hasScannedForEncodings = 0;
			knownRegions = (
				en,
				Base,
			);
			mainGroup = 3637AE01278D0515009003B7;
			productRefGroup = 3637AE0B278D0515009003B7 /* Products */;
			projectDirPath = "";
			projectRoot = "";
			targets = (
				3637AE09278D0515009003B7 /* LeetCode */,
			);
		};
/* End PBXProject section */

/* Begin PBXSourcesBuildPhase section */
		3637AE06278D0515009003B7 /* Sources */ = {
			isa = PBXSourcesBuildPhase;
			buildActionMask = 2147483647;
			files = (
				36D617BD2797C24C00F7A9AB /* [애플사이다] Final Prices With a Special Discount in a Shop.swift in Sources */,
				36D2140D27AADDE8003C6A77 /* [애플사이다] Number of Students Unable to Eat Lunch.swift in Sources */,
				3637AE19278D07E1009003B7 /* [애플사이다] Final Value of Variable After Performing Operations.swift in Sources */,
				361A66C2279561EE00A633B5 /* [애플사이다] Running Sum of 1d Array.swift in Sources */,
				361A66C0279561CE00A633B5 /* [애플사이다] Maximum Number of Words Found in Sentences.swift in Sources */,
				361A66C42795708800A633B5 /* [애플사이다] Convert Binary Number in a Linked List to Integer.swift in Sources */,
				36D617B927979E5100F7A9AB /* [애플사이다] Maximum Nesting Depth of the Parentheses.swift in Sources */,
				36D2140927AAB2EE003C6A77 /* [애플사이다] Remove All Adjacent Duplicates In String.swift in Sources */,
				36D2141127ABC4D3003C6A77 /* [애플사이다] Implement Queue using Stacks.swift in Sources */,
				361A66CA2795715200A633B5 /* [애플사이다] Reverse Linked List.swift in Sources */,
				36D617BB2797C22B00F7A9AB /* [애플사이다] Remove Outermost Parentheses.swift in Sources */,
				36D2140B27AAB2FF003C6A77 /* [애플사이다] Build an Array With Stack Operations.swift in Sources */,
				3637AE15278D0524009003B7 /* [애플사이다] Build Array from Permutation.swift in Sources */,
				36D2141327ABC93E003C6A77 /* [애플사이다] First Unique Character in a String.swift in Sources */,
				361A66C82795713B00A633B5 /* [애플사이다] Delete Node in a Linked List.swift in Sources */,
				361A66C6279570B700A633B5 /* [애플사이다] Middle of the Linked List.swift in Sources */,
				36D2140527AAB222003C6A77 /* [애플사이다] Number of Recent Calls.swift in Sources */,
				36D2140F27AADF4D003C6A77 /* [애플사이다] Time Needed to Buy Tickets.swift in Sources */,
				3637AE17278D054B009003B7 /* [애플사이다] Concatenation of Array.swift in Sources */,
			);
			runOnlyForDeploymentPostprocessing = 0;
		};
/* End PBXSourcesBuildPhase section */

/* Begin XCBuildConfiguration section */
		3637AE0F278D0515009003B7 /* Debug */ = {
			isa = XCBuildConfiguration;
			buildSettings = {
				ALWAYS_SEARCH_USER_PATHS = NO;
				CLANG_ANALYZER_NONNULL = YES;
				CLANG_ANALYZER_NUMBER_OBJECT_CONVERSION = YES_AGGRESSIVE;
				CLANG_CXX_LANGUAGE_STANDARD = "gnu++17";
				CLANG_CXX_LIBRARY = "libc++";
				CLANG_ENABLE_MODULES = YES;
				CLANG_ENABLE_OBJC_ARC = YES;
				CLANG_ENABLE_OBJC_WEAK = YES;
				CLANG_WARN_BLOCK_CAPTURE_AUTORELEASING = YES;
				CLANG_WARN_BOOL_CONVERSION = YES;
				CLANG_WARN_COMMA = YES;
				CLANG_WARN_CONSTANT_CONVERSION = YES;
				CLANG_WARN_DEPRECATED_OBJC_IMPLEMENTATIONS = YES;
				CLANG_WARN_DIRECT_OBJC_ISA_USAGE = YES_ERROR;
				CLANG_WARN_DOCUMENTATION_COMMENTS = YES;
				CLANG_WARN_EMPTY_BODY = YES;
				CLANG_WARN_ENUM_CONVERSION = YES;
				CLANG_WARN_INFINITE_RECURSION = YES;
				CLANG_WARN_INT_CONVERSION = YES;
				CLANG_WARN_NON_LITERAL_NULL_CONVERSION = YES;
				CLANG_WARN_OBJC_IMPLICIT_RETAIN_SELF = YES;
				CLANG_WARN_OBJC_LITERAL_CONVERSION = YES;
				CLANG_WARN_OBJC_ROOT_CLASS = YES_ERROR;
				CLANG_WARN_QUOTED_INCLUDE_IN_FRAMEWORK_HEADER = YES;
				CLANG_WARN_RANGE_LOOP_ANALYSIS = YES;
				CLANG_WARN_STRICT_PROTOTYPES = YES;
				CLANG_WARN_SUSPICIOUS_MOVE = YES;
				CLANG_WARN_UNGUARDED_AVAILABILITY = YES_AGGRESSIVE;
				CLANG_WARN_UNREACHABLE_CODE = YES;
				CLANG_WARN__DUPLICATE_METHOD_MATCH = YES;
				COPY_PHASE_STRIP = NO;
				DEBUG_INFORMATION_FORMAT = dwarf;
				ENABLE_STRICT_OBJC_MSGSEND = YES;
				ENABLE_TESTABILITY = YES;
				GCC_C_LANGUAGE_STANDARD = gnu11;
				GCC_DYNAMIC_NO_PIC = NO;
				GCC_NO_COMMON_BLOCKS = YES;
				GCC_OPTIMIZATION_LEVEL = 0;
				GCC_PREPROCESSOR_DEFINITIONS = (
					"DEBUG=1",
					"$(inherited)",
				);
				GCC_WARN_64_TO_32_BIT_CONVERSION = YES;
				GCC_WARN_ABOUT_RETURN_TYPE = YES_ERROR;
				GCC_WARN_UNDECLARED_SELECTOR = YES;
				GCC_WARN_UNINITIALIZED_AUTOS = YES_AGGRESSIVE;
				GCC_WARN_UNUSED_FUNCTION = YES;
				GCC_WARN_UNUSED_VARIABLE = YES;
				MACOSX_DEPLOYMENT_TARGET = 12.0;
				MTL_ENABLE_DEBUG_INFO = INCLUDE_SOURCE;
				MTL_FAST_MATH = YES;
				ONLY_ACTIVE_ARCH = YES;
				SDKROOT = macosx;
				SWIFT_ACTIVE_COMPILATION_CONDITIONS = DEBUG;
				SWIFT_OPTIMIZATION_LEVEL = "-Onone";
			};
			name = Debug;
		};
		3637AE10278D0515009003B7 /* Release */ = {
			isa = XCBuildConfiguration;
			buildSettings = {
				ALWAYS_SEARCH_USER_PATHS = NO;
				CLANG_ANALYZER_NONNULL = YES;
				CLANG_ANALYZER_NUMBER_OBJECT_CONVERSION = YES_AGGRESSIVE;
				CLANG_CXX_LANGUAGE_STANDARD = "gnu++17";
				CLANG_CXX_LIBRARY = "libc++";
				CLANG_ENABLE_MODULES = YES;
				CLANG_ENABLE_OBJC_ARC = YES;
				CLANG_ENABLE_OBJC_WEAK = YES;
				CLANG_WARN_BLOCK_CAPTURE_AUTORELEASING = YES;
				CLANG_WARN_BOOL_CONVERSION = YES;
				CLANG_WARN_COMMA = YES;
				CLANG_WARN_CONSTANT_CONVERSION = YES;
				CLANG_WARN_DEPRECATED_OBJC_IMPLEMENTATIONS = YES;
				CLANG_WARN_DIRECT_OBJC_ISA_USAGE = YES_ERROR;
				CLANG_WARN_DOCUMENTATION_COMMENTS = YES;
				CLANG_WARN_EMPTY_BODY = YES;
				CLANG_WARN_ENUM_CONVERSION = YES;
				CLANG_WARN_INFINITE_RECURSION = YES;
				CLANG_WARN_INT_CONVERSION = YES;
				CLANG_WARN_NON_LITERAL_NULL_CONVERSION = YES;
				CLANG_WARN_OBJC_IMPLICIT_RETAIN_SELF = YES;
				CLANG_WARN_OBJC_LITERAL_CONVERSION = YES;
				CLANG_WARN_OBJC_ROOT_CLASS = YES_ERROR;
				CLANG_WARN_QUOTED_INCLUDE_IN_FRAMEWORK_HEADER = YES;
				CLANG_WARN_RANGE_LOOP_ANALYSIS = YES;
				CLANG_WARN_STRICT_PROTOTYPES = YES;
				CLANG_WARN_SUSPICIOUS_MOVE = YES;
				CLANG_WARN_UNGUARDED_AVAILABILITY = YES_AGGRESSIVE;
				CLANG_WARN_UNREACHABLE_CODE = YES;
				CLANG_WARN__DUPLICATE_METHOD_MATCH = YES;
				COPY_PHASE_STRIP = NO;
				DEBUG_INFORMATION_FORMAT = "dwarf-with-dsym";
				ENABLE_NS_ASSERTIONS = NO;
				ENABLE_STRICT_OBJC_MSGSEND = YES;
				GCC_C_LANGUAGE_STANDARD = gnu11;
				GCC_NO_COMMON_BLOCKS = YES;
				GCC_WARN_64_TO_32_BIT_CONVERSION = YES;
				GCC_WARN_ABOUT_RETURN_TYPE = YES_ERROR;
				GCC_WARN_UNDECLARED_SELECTOR = YES;
				GCC_WARN_UNINITIALIZED_AUTOS = YES_AGGRESSIVE;
				GCC_WARN_UNUSED_FUNCTION = YES;
				GCC_WARN_UNUSED_VARIABLE = YES;
				MACOSX_DEPLOYMENT_TARGET = 12.0;
				MTL_ENABLE_DEBUG_INFO = NO;
				MTL_FAST_MATH = YES;
				SDKROOT = macosx;
				SWIFT_COMPILATION_MODE = wholemodule;
				SWIFT_OPTIMIZATION_LEVEL = "-O";
			};
			name = Release;
		};
		3637AE12278D0515009003B7 /* Debug */ = {
			isa = XCBuildConfiguration;
			buildSettings = {
				CODE_SIGN_STYLE = Automatic;
				PRODUCT_NAME = "$(TARGET_NAME)";
				SWIFT_VERSION = 5.0;
			};
			name = Debug;
		};
		3637AE13278D0515009003B7 /* Release */ = {
			isa = XCBuildConfiguration;
			buildSettings = {
				CODE_SIGN_STYLE = Automatic;
				PRODUCT_NAME = "$(TARGET_NAME)";
				SWIFT_VERSION = 5.0;
			};
			name = Release;
		};
/* End XCBuildConfiguration section */

/* Begin XCConfigurationList section */
		3637AE05278D0515009003B7 /* Build configuration list for PBXProject "LeetCode_Level1" */ = {
			isa = XCConfigurationList;
			buildConfigurations = (
				3637AE0F278D0515009003B7 /* Debug */,
				3637AE10278D0515009003B7 /* Release */,
			);
			defaultConfigurationIsVisible = 0;
			defaultConfigurationName = Release;
		};
		3637AE11278D0515009003B7 /* Build configuration list for PBXNativeTarget "LeetCode" */ = {
			isa = XCConfigurationList;
			buildConfigurations = (
				3637AE12278D0515009003B7 /* Debug */,
				3637AE13278D0515009003B7 /* Release */,
			);
			defaultConfigurationIsVisible = 0;
			defaultConfigurationName = Release;
		};
/* End XCConfigurationList section */
	};
	rootObject = 3637AE02278D0515009003B7 /* Project object */;
}
