// !$*UTF8*$!
{
	archiveVersion = 1;
	classes = {
	};
	objectVersion = 55;
	objects = {

/* Begin PBXBuildFile section */
		3682BB9F27BCACE500BBDCA5 /* Queue.swift in Sources */ = {isa = PBXBuildFile; fileRef = 3682BB9E27BCACE500BBDCA5 /* Queue.swift */; };
		3682BBA127BCACFD00BBDCA5 /* Stack.swift in Sources */ = {isa = PBXBuildFile; fileRef = 3682BBA027BCACFD00BBDCA5 /* Stack.swift */; };
		36C09FFF27FCAC800031C83C /* Heap.swift in Sources */ = {isa = PBXBuildFile; fileRef = 36C09FFE27FCAC800031C83C /* Heap.swift */; };
		36C0A00327FCAD0D0031C83C /* BasicSort.swift in Sources */ = {isa = PBXBuildFile; fileRef = 36C0A00227FCAD0D0031C83C /* BasicSort.swift */; };
		36C0A00527FCAD300031C83C /* MergeSort.swift in Sources */ = {isa = PBXBuildFile; fileRef = 36C0A00427FCAD300031C83C /* MergeSort.swift */; };
		36D50A5327E2274300CD61EF /* BinaryTree.swift in Sources */ = {isa = PBXBuildFile; fileRef = 36D50A5227E2274300CD61EF /* BinaryTree.swift */; };
		36D50A5727E227D700CD61EF /* BinaryTreeTestCase.swift in Sources */ = {isa = PBXBuildFile; fileRef = 36D50A5627E227D700CD61EF /* BinaryTreeTestCase.swift */; };
/* End PBXBuildFile section */

/* Begin PBXCopyFilesBuildPhase section */
		3682BB9227BCAC7200BBDCA5 /* CopyFiles */ = {
			isa = PBXCopyFilesBuildPhase;
			buildActionMask = 2147483647;
			dstPath = /usr/share/man/man1/;
			dstSubfolderSpec = 0;
			files = (
			);
			runOnlyForDeploymentPostprocessing = 1;
		};
/* End PBXCopyFilesBuildPhase section */

/* Begin PBXFileReference section */
		3682BB9427BCAC7200BBDCA5 /* Stack_Queue */ = {isa = PBXFileReference; explicitFileType = "compiled.mach-o.executable"; includeInIndex = 0; path = Stack_Queue; sourceTree = BUILT_PRODUCTS_DIR; };
		3682BB9E27BCACE500BBDCA5 /* Queue.swift */ = {isa = PBXFileReference; lastKnownFileType = sourcecode.swift; path = Queue.swift; sourceTree = "<group>"; };
		3682BBA027BCACFD00BBDCA5 /* Stack.swift */ = {isa = PBXFileReference; lastKnownFileType = sourcecode.swift; path = Stack.swift; sourceTree = "<group>"; };
		36C09FFE27FCAC800031C83C /* Heap.swift */ = {isa = PBXFileReference; lastKnownFileType = sourcecode.swift; path = Heap.swift; sourceTree = "<group>"; };
		36C0A00227FCAD0D0031C83C /* BasicSort.swift */ = {isa = PBXFileReference; lastKnownFileType = sourcecode.swift; path = BasicSort.swift; sourceTree = "<group>"; };
		36C0A00427FCAD300031C83C /* MergeSort.swift */ = {isa = PBXFileReference; lastKnownFileType = sourcecode.swift; path = MergeSort.swift; sourceTree = "<group>"; };
		36D50A5227E2274300CD61EF /* BinaryTree.swift */ = {isa = PBXFileReference; lastKnownFileType = sourcecode.swift; path = BinaryTree.swift; sourceTree = "<group>"; };
		36D50A5627E227D700CD61EF /* BinaryTreeTestCase.swift */ = {isa = PBXFileReference; fileEncoding = 4; lastKnownFileType = sourcecode.swift; path = BinaryTreeTestCase.swift; sourceTree = "<group>"; };
/* End PBXFileReference section */

/* Begin PBXFrameworksBuildPhase section */
		3682BB9127BCAC7200BBDCA5 /* Frameworks */ = {
			isa = PBXFrameworksBuildPhase;
			buildActionMask = 2147483647;
			files = (
			);
			runOnlyForDeploymentPostprocessing = 0;
		};
/* End PBXFrameworksBuildPhase section */

/* Begin PBXGroup section */
		3682BB8B27BCAC7200BBDCA5 = {
			isa = PBXGroup;
			children = (
				36C09FFD27FCAC720031C83C /* Heap */,
				36D50A5127E226F900CD61EF /* Tree */,
				36D50A4C27E226D800CD61EF /* Sortings */,
				3682BB9627BCAC7200BBDCA5 /* Stack_Queue */,
				3682BB9527BCAC7200BBDCA5 /* Products */,
			);
			sourceTree = "<group>";
		};
		3682BB9527BCAC7200BBDCA5 /* Products */ = {
			isa = PBXGroup;
			children = (
				3682BB9427BCAC7200BBDCA5 /* Stack_Queue */,
			);
			name = Products;
			sourceTree = "<group>";
		};
		3682BB9627BCAC7200BBDCA5 /* Stack_Queue */ = {
			isa = PBXGroup;
			children = (
				3682BBA027BCACFD00BBDCA5 /* Stack.swift */,
				3682BB9E27BCACE500BBDCA5 /* Queue.swift */,
			);
			path = Stack_Queue;
			sourceTree = "<group>";
		};
		36C09FFD27FCAC720031C83C /* Heap */ = {
			isa = PBXGroup;
			children = (
				36C09FFE27FCAC800031C83C /* Heap.swift */,
			);
			path = Heap;
			sourceTree = "<group>";
		};
		36D50A4C27E226D800CD61EF /* Sortings */ = {
			isa = PBXGroup;
			children = (
				36C0A00227FCAD0D0031C83C /* BasicSort.swift */,
				36C0A00427FCAD300031C83C /* MergeSort.swift */,
			);
			path = Sortings;
			sourceTree = "<group>";
		};
		36D50A5127E226F900CD61EF /* Tree */ = {
			isa = PBXGroup;
			children = (
				36D50A5227E2274300CD61EF /* BinaryTree.swift */,
				36D50A5627E227D700CD61EF /* BinaryTreeTestCase.swift */,
			);
			path = Tree;
			sourceTree = "<group>";
		};
/* End PBXGroup section */

/* Begin PBXNativeTarget section */
		3682BB9327BCAC7200BBDCA5 /* Stack_Queue */ = {
			isa = PBXNativeTarget;
			buildConfigurationList = 3682BB9B27BCAC7200BBDCA5 /* Build configuration list for PBXNativeTarget "Stack_Queue" */;
			buildPhases = (
				3682BB9027BCAC7200BBDCA5 /* Sources */,
				3682BB9127BCAC7200BBDCA5 /* Frameworks */,
				3682BB9227BCAC7200BBDCA5 /* CopyFiles */,
			);
			buildRules = (
			);
			dependencies = (
			);
			name = Stack_Queue;
			productName = Stack_Queue;
			productReference = 3682BB9427BCAC7200BBDCA5 /* Stack_Queue */;
			productType = "com.apple.product-type.tool";
		};
/* End PBXNativeTarget section */

/* Begin PBXProject section */
		3682BB8C27BCAC7200BBDCA5 /* Project object */ = {
			isa = PBXProject;
			attributes = {
				BuildIndependentTargetsInParallel = 1;
				LastSwiftUpdateCheck = 1310;
				LastUpgradeCheck = 1310;
				TargetAttributes = {
					3682BB9327BCAC7200BBDCA5 = {
						CreatedOnToolsVersion = 13.1;
					};
				};
			};
			buildConfigurationList = 3682BB8F27BCAC7200BBDCA5 /* Build configuration list for PBXProject "Stack_Queue" */;
			compatibilityVersion = "Xcode 13.0";
			developmentRegion = en;
			hasScannedForEncodings = 0;
			knownRegions = (
				en,
				Base,
			);
			mainGroup = 3682BB8B27BCAC7200BBDCA5;
			productRefGroup = 3682BB9527BCAC7200BBDCA5 /* Products */;
			projectDirPath = "";
			projectRoot = "";
			targets = (
				3682BB9327BCAC7200BBDCA5 /* Stack_Queue */,
			);
		};
/* End PBXProject section */

/* Begin PBXSourcesBuildPhase section */
		3682BB9027BCAC7200BBDCA5 /* Sources */ = {
			isa = PBXSourcesBuildPhase;
			buildActionMask = 2147483647;
			files = (
				36C0A00527FCAD300031C83C /* MergeSort.swift in Sources */,
				36D50A5327E2274300CD61EF /* BinaryTree.swift in Sources */,
				36C0A00327FCAD0D0031C83C /* BasicSort.swift in Sources */,
				36C09FFF27FCAC800031C83C /* Heap.swift in Sources */,
				3682BBA127BCACFD00BBDCA5 /* Stack.swift in Sources */,
				3682BB9F27BCACE500BBDCA5 /* Queue.swift in Sources */,
				36D50A5727E227D700CD61EF /* BinaryTreeTestCase.swift in Sources */,
			);
			runOnlyForDeploymentPostprocessing = 0;
		};
/* End PBXSourcesBuildPhase section */

/* Begin XCBuildConfiguration section */
		3682BB9927BCAC7200BBDCA5 /* Debug */ = {
			isa = XCBuildConfiguration;
			buildSettings = {
				ALWAYS_SEARCH_USER_PATHS = NO;
				CLANG_ANALYZER_NONNULL = YES;
				CLANG_ANALYZER_NUMBER_OBJECT_CONVERSION = YES_AGGRESSIVE;
				CLANG_CXX_LANGUAGE_STANDARD = "gnu++17";
				CLANG_CXX_LIBRARY = "libc++";
				CLANG_ENABLE_MODULES = YES;
				CLANG_ENABLE_OBJC_ARC = YES;
				CLANG_ENABLE_OBJC_WEAK = YES;
				CLANG_WARN_BLOCK_CAPTURE_AUTORELEASING = YES;
				CLANG_WARN_BOOL_CONVERSION = YES;
				CLANG_WARN_COMMA = YES;
				CLANG_WARN_CONSTANT_CONVERSION = YES;
				CLANG_WARN_DEPRECATED_OBJC_IMPLEMENTATIONS = YES;
				CLANG_WARN_DIRECT_OBJC_ISA_USAGE = YES_ERROR;
				CLANG_WARN_DOCUMENTATION_COMMENTS = YES;
				CLANG_WARN_EMPTY_BODY = YES;
				CLANG_WARN_ENUM_CONVERSION = YES;
				CLANG_WARN_INFINITE_RECURSION = YES;
				CLANG_WARN_INT_CONVERSION = YES;
				CLANG_WARN_NON_LITERAL_NULL_CONVERSION = YES;
				CLANG_WARN_OBJC_IMPLICIT_RETAIN_SELF = YES;
				CLANG_WARN_OBJC_LITERAL_CONVERSION = YES;
				CLANG_WARN_OBJC_ROOT_CLASS = YES_ERROR;
				CLANG_WARN_QUOTED_INCLUDE_IN_FRAMEWORK_HEADER = YES;
				CLANG_WARN_RANGE_LOOP_ANALYSIS = YES;
				CLANG_WARN_STRICT_PROTOTYPES = YES;
				CLANG_WARN_SUSPICIOUS_MOVE = YES;
				CLANG_WARN_UNGUARDED_AVAILABILITY = YES_AGGRESSIVE;
				CLANG_WARN_UNREACHABLE_CODE = YES;
				CLANG_WARN__DUPLICATE_METHOD_MATCH = YES;
				COPY_PHASE_STRIP = NO;
				DEBUG_INFORMATION_FORMAT = dwarf;
				ENABLE_STRICT_OBJC_MSGSEND = YES;
				ENABLE_TESTABILITY = YES;
				GCC_C_LANGUAGE_STANDARD = gnu11;
				GCC_DYNAMIC_NO_PIC = NO;
				GCC_NO_COMMON_BLOCKS = YES;
				GCC_OPTIMIZATION_LEVEL = 0;
				GCC_PREPROCESSOR_DEFINITIONS = (
					"DEBUG=1",
					"$(inherited)",
				);
				GCC_WARN_64_TO_32_BIT_CONVERSION = YES;
				GCC_WARN_ABOUT_RETURN_TYPE = YES_ERROR;
				GCC_WARN_UNDECLARED_SELECTOR = YES;
				GCC_WARN_UNINITIALIZED_AUTOS = YES_AGGRESSIVE;
				GCC_WARN_UNUSED_FUNCTION = YES;
				GCC_WARN_UNUSED_VARIABLE = YES;
				MACOSX_DEPLOYMENT_TARGET = 12.0;
				MTL_ENABLE_DEBUG_INFO = INCLUDE_SOURCE;
				MTL_FAST_MATH = YES;
				ONLY_ACTIVE_ARCH = YES;
				SDKROOT = macosx;
				SWIFT_ACTIVE_COMPILATION_CONDITIONS = DEBUG;
				SWIFT_OPTIMIZATION_LEVEL = "-Onone";
			};
			name = Debug;
		};
		3682BB9A27BCAC7200BBDCA5 /* Release */ = {
			isa = XCBuildConfiguration;
			buildSettings = {
				ALWAYS_SEARCH_USER_PATHS = NO;
				CLANG_ANALYZER_NONNULL = YES;
				CLANG_ANALYZER_NUMBER_OBJECT_CONVERSION = YES_AGGRESSIVE;
				CLANG_CXX_LANGUAGE_STANDARD = "gnu++17";
				CLANG_CXX_LIBRARY = "libc++";
				CLANG_ENABLE_MODULES = YES;
				CLANG_ENABLE_OBJC_ARC = YES;
				CLANG_ENABLE_OBJC_WEAK = YES;
				CLANG_WARN_BLOCK_CAPTURE_AUTORELEASING = YES;
				CLANG_WARN_BOOL_CONVERSION = YES;
				CLANG_WARN_COMMA = YES;
				CLANG_WARN_CONSTANT_CONVERSION = YES;
				CLANG_WARN_DEPRECATED_OBJC_IMPLEMENTATIONS = YES;
				CLANG_WARN_DIRECT_OBJC_ISA_USAGE = YES_ERROR;
				CLANG_WARN_DOCUMENTATION_COMMENTS = YES;
				CLANG_WARN_EMPTY_BODY = YES;
				CLANG_WARN_ENUM_CONVERSION = YES;
				CLANG_WARN_INFINITE_RECURSION = YES;
				CLANG_WARN_INT_CONVERSION = YES;
				CLANG_WARN_NON_LITERAL_NULL_CONVERSION = YES;
				CLANG_WARN_OBJC_IMPLICIT_RETAIN_SELF = YES;
				CLANG_WARN_OBJC_LITERAL_CONVERSION = YES;
				CLANG_WARN_OBJC_ROOT_CLASS = YES_ERROR;
				CLANG_WARN_QUOTED_INCLUDE_IN_FRAMEWORK_HEADER = YES;
				CLANG_WARN_RANGE_LOOP_ANALYSIS = YES;
				CLANG_WARN_STRICT_PROTOTYPES = YES;
				CLANG_WARN_SUSPICIOUS_MOVE = YES;
				CLANG_WARN_UNGUARDED_AVAILABILITY = YES_AGGRESSIVE;
				CLANG_WARN_UNREACHABLE_CODE = YES;
				CLANG_WARN__DUPLICATE_METHOD_MATCH = YES;
				COPY_PHASE_STRIP = NO;
				DEBUG_INFORMATION_FORMAT = "dwarf-with-dsym";
				ENABLE_NS_ASSERTIONS = NO;
				ENABLE_STRICT_OBJC_MSGSEND = YES;
				GCC_C_LANGUAGE_STANDARD = gnu11;
				GCC_NO_COMMON_BLOCKS = YES;
				GCC_WARN_64_TO_32_BIT_CONVERSION = YES;
				GCC_WARN_ABOUT_RETURN_TYPE = YES_ERROR;
				GCC_WARN_UNDECLARED_SELECTOR = YES;
				GCC_WARN_UNINITIALIZED_AUTOS = YES_AGGRESSIVE;
				GCC_WARN_UNUSED_FUNCTION = YES;
				GCC_WARN_UNUSED_VARIABLE = YES;
				MACOSX_DEPLOYMENT_TARGET = 12.0;
				MTL_ENABLE_DEBUG_INFO = NO;
				MTL_FAST_MATH = YES;
				SDKROOT = macosx;
				SWIFT_COMPILATION_MODE = wholemodule;
				SWIFT_OPTIMIZATION_LEVEL = "-O";
			};
			name = Release;
		};
		3682BB9C27BCAC7200BBDCA5 /* Debug */ = {
			isa = XCBuildConfiguration;
			buildSettings = {
				CODE_SIGN_STYLE = Automatic;
				PRODUCT_NAME = "$(TARGET_NAME)";
				SWIFT_VERSION = 5.0;
			};
			name = Debug;
		};
		3682BB9D27BCAC7200BBDCA5 /* Release */ = {
			isa = XCBuildConfiguration;
			buildSettings = {
				CODE_SIGN_STYLE = Automatic;
				PRODUCT_NAME = "$(TARGET_NAME)";
				SWIFT_VERSION = 5.0;
			};
			name = Release;
		};
/* End XCBuildConfiguration section */

/* Begin XCConfigurationList section */
		3682BB8F27BCAC7200BBDCA5 /* Build configuration list for PBXProject "Stack_Queue" */ = {
			isa = XCConfigurationList;
			buildConfigurations = (
				3682BB9927BCAC7200BBDCA5 /* Debug */,
				3682BB9A27BCAC7200BBDCA5 /* Release */,
			);
			defaultConfigurationIsVisible = 0;
			defaultConfigurationName = Release;
		};
		3682BB9B27BCAC7200BBDCA5 /* Build configuration list for PBXNativeTarget "Stack_Queue" */ = {
			isa = XCConfigurationList;
			buildConfigurations = (
				3682BB9C27BCAC7200BBDCA5 /* Debug */,
				3682BB9D27BCAC7200BBDCA5 /* Release */,
			);
			defaultConfigurationIsVisible = 0;
			defaultConfigurationName = Release;
		};
/* End XCConfigurationList section */
	};
	rootObject = 3682BB8C27BCAC7200BBDCA5 /* Project object */;
}
